
Microsoft Visual Studio Solution File, Format Version 12.00
# Visual Studio Version 17
VisualStudioVersion = 17.3.32929.385
MinimumVisualStudioVersion = 10.0.40219.1
Project("{FAE04EC0-301F-11D3-BF4B-00C04F79EFBC}") = "PZ_14", "PZ_14\PZ_14.csproj", "{8921501A-B560-4C5E-8C6C-97B0BDEC4BD7}"
EndProject
Global
	GlobalSection(SolutionConfigurationPlatforms) = preSolution
		Debug|Any CPU = Debug|Any CPU
		Release|Any CPU = Release|Any CPU
	EndGlobalSection
	GlobalSection(ProjectConfigurationPlatforms) = postSolution
		{8921501A-B560-4C5E-8C6C-97B0BDEC4BD7}.Debug|Any CPU.ActiveCfg = Debug|Any CPU
		{8921501A-B560-4C5E-8C6C-97B0BDEC4BD7}.Debug|Any CPU.Build.0 = Debug|Any CPU
		{8921501A-B560-4C5E-8C6C-97B0BDEC4BD7}.Release|Any CPU.ActiveCfg = Release|Any CPU
		{8921501A-B560-4C5E-8C6C-97B0BDEC4BD7}.Release|Any CPU.Build.0 = Release|Any CPU
	EndGlobalSection
	GlobalSection(SolutionProperties) = preSolution
		HideSolutionNode = FALSE
	EndGlobalSection
	GlobalSection(ExtensibilityGlobals) = postSolution
		SolutionGuid = {A26C64E4-0E33-453C-84DA-E238501359CD}
	EndGlobalSection
EndGlobal
