
Microsoft Visual Studio Solution File, Format Version 12.00
# Visual Studio Version 17
VisualStudioVersion = 17.3.32929.385
MinimumVisualStudioVersion = 10.0.40219.1
Project("{FAE04EC0-301F-11D3-BF4B-00C04F79EFBC}") = "PZ_13", "PZ_13\PZ_13.csproj", "{D7593C4B-474B-4C9D-9B9E-9616AE44E9DA}"
EndProject
Global
	GlobalSection(SolutionConfigurationPlatforms) = preSolution
		Debug|Any CPU = Debug|Any CPU
		Release|Any CPU = Release|Any CPU
	EndGlobalSection
	GlobalSection(ProjectConfigurationPlatforms) = postSolution
		{D7593C4B-474B-4C9D-9B9E-9616AE44E9DA}.Debug|Any CPU.ActiveCfg = Debug|Any CPU
		{D7593C4B-474B-4C9D-9B9E-9616AE44E9DA}.Debug|Any CPU.Build.0 = Debug|Any CPU
		{D7593C4B-474B-4C9D-9B9E-9616AE44E9DA}.Release|Any CPU.ActiveCfg = Release|Any CPU
		{D7593C4B-474B-4C9D-9B9E-9616AE44E9DA}.Release|Any CPU.Build.0 = Release|Any CPU
	EndGlobalSection
	GlobalSection(SolutionProperties) = preSolution
		HideSolutionNode = FALSE
	EndGlobalSection
	GlobalSection(ExtensibilityGlobals) = postSolution
		SolutionGuid = {61B6E869-DFEF-41A5-AAF9-56DE18279C29}
	EndGlobalSection
EndGlobal
